
Microsoft Visual Studio Solution File, Format Version 12.00
Project("{2150E333-8FDC-42A3-9474-1A3956D46DE8}") = "src", "src", "{4A6EE328-0742-424C-8DE3-A2DE778B7A24}"
EndProject
Project("{2150E333-8FDC-42A3-9474-1A3956D46DE8}") = "tests", "tests", "{925534B1-5F3F-4219-8477-036FFE3EC000}"
EndProject
Project("{FAE04EC0-301F-11D3-BF4B-00C04F79EFBC}") = "WebAPI", "src\WebAPI\WebAPI.csproj", "{CB0CA451-E094-4C67-B057-F04B2D7EFB75}"
EndProject
Project("{FAE04EC0-301F-11D3-BF4B-00C04F79EFBC}") = "Infrastructure", "src\Infrastructure\Infrastructure.csproj", "{EFB6EF9A-3837-4478-B699-A9C974CDC2BF}"
EndProject
Project("{FAE04EC0-301F-11D3-BF4B-00C04F79EFBC}") = "Application", "src\Application\Application.csproj", "{35C5F326-44B0-4BC1-B87D-29A2761737A1}"
EndProject
Project("{FAE04EC0-301F-11D3-BF4B-00C04F79EFBC}") = "Domain", "src\Domain\Domain.csproj", "{6CC22DA0-AE3D-4E9D-8B39-1EF604154C67}"
EndProject
Project("{FAE04EC0-301F-11D3-BF4B-00C04F79EFBC}") = "Application.IntegrationTests", "tests\Application.IntegrationTests\Application.IntegrationTests.csproj", "{EE66FAFD-63E4-4930-B4CB-1DFEC4F040A3}"
EndProject
Project("{FAE04EC0-301F-11D3-BF4B-00C04F79EFBC}") = "Application.UnitTests", "tests\Application.UnitTests\Application.UnitTests.csproj", "{B5272EB6-3CDE-4A4F-83E1-C20ED543FEBF}"
EndProject
Project("{FAE04EC0-301F-11D3-BF4B-00C04F79EFBC}") = "Domain.UnitTests", "tests\Domain.UnitTests\Domain.UnitTests.csproj", "{CFCFB3A3-4C3F-411D-884B-90292A056873}"
EndProject
Project("{FAE04EC0-301F-11D3-BF4B-00C04F79EFBC}") = "Infrastructure.IntegrationTests", "tests\Infrastructure.IntegrationTests\Infrastructure.IntegrationTests.csproj", "{C63197A0-085F-418C-881E-863F9A836C5A}"
EndProject
Project("{FAE04EC0-301F-11D3-BF4B-00C04F79EFBC}") = "Web.AcceptanceTests", "tests\Web.AcceptanceTests\Web.AcceptanceTests.csproj", "{8D635436-B685-45E2-854A-9476565A6902}"
EndProject
Project("{2150E333-8FDC-42A3-9474-1A3956D46DE8}") = "Solution Items", "Solution Items", "{0A86AC08-3C2D-488E-A6E7-ADC01528C2FB}"
	ProjectSection(SolutionItems) = preProject
		docker-compose.yml = docker-compose.yml
		README.md = README.md
	EndProjectSection
EndProject
Global
	GlobalSection(SolutionConfigurationPlatforms) = preSolution
		Debug|Any CPU = Debug|Any CPU
		Release|Any CPU = Release|Any CPU
	EndGlobalSection
	GlobalSection(ProjectConfigurationPlatforms) = postSolution
		{CB0CA451-E094-4C67-B057-F04B2D7EFB75}.Debug|Any CPU.ActiveCfg = Debug|Any CPU
		{CB0CA451-E094-4C67-B057-F04B2D7EFB75}.Debug|Any CPU.Build.0 = Debug|Any CPU
		{CB0CA451-E094-4C67-B057-F04B2D7EFB75}.Release|Any CPU.ActiveCfg = Release|Any CPU
		{CB0CA451-E094-4C67-B057-F04B2D7EFB75}.Release|Any CPU.Build.0 = Release|Any CPU
		{EFB6EF9A-3837-4478-B699-A9C974CDC2BF}.Debug|Any CPU.ActiveCfg = Debug|Any CPU
		{EFB6EF9A-3837-4478-B699-A9C974CDC2BF}.Debug|Any CPU.Build.0 = Debug|Any CPU
		{EFB6EF9A-3837-4478-B699-A9C974CDC2BF}.Release|Any CPU.ActiveCfg = Release|Any CPU
		{EFB6EF9A-3837-4478-B699-A9C974CDC2BF}.Release|Any CPU.Build.0 = Release|Any CPU
		{35C5F326-44B0-4BC1-B87D-29A2761737A1}.Debug|Any CPU.ActiveCfg = Debug|Any CPU
		{35C5F326-44B0-4BC1-B87D-29A2761737A1}.Debug|Any CPU.Build.0 = Debug|Any CPU
		{35C5F326-44B0-4BC1-B87D-29A2761737A1}.Release|Any CPU.ActiveCfg = Release|Any CPU
		{35C5F326-44B0-4BC1-B87D-29A2761737A1}.Release|Any CPU.Build.0 = Release|Any CPU
		{6CC22DA0-AE3D-4E9D-8B39-1EF604154C67}.Debug|Any CPU.ActiveCfg = Debug|Any CPU
		{6CC22DA0-AE3D-4E9D-8B39-1EF604154C67}.Debug|Any CPU.Build.0 = Debug|Any CPU
		{6CC22DA0-AE3D-4E9D-8B39-1EF604154C67}.Release|Any CPU.ActiveCfg = Release|Any CPU
		{6CC22DA0-AE3D-4E9D-8B39-1EF604154C67}.Release|Any CPU.Build.0 = Release|Any CPU
		{EE66FAFD-63E4-4930-B4CB-1DFEC4F040A3}.Debug|Any CPU.ActiveCfg = Debug|Any CPU
		{EE66FAFD-63E4-4930-B4CB-1DFEC4F040A3}.Debug|Any CPU.Build.0 = Debug|Any CPU
		{EE66FAFD-63E4-4930-B4CB-1DFEC4F040A3}.Release|Any CPU.ActiveCfg = Release|Any CPU
		{EE66FAFD-63E4-4930-B4CB-1DFEC4F040A3}.Release|Any CPU.Build.0 = Release|Any CPU
		{B5272EB6-3CDE-4A4F-83E1-C20ED543FEBF}.Debug|Any CPU.ActiveCfg = Debug|Any CPU
		{B5272EB6-3CDE-4A4F-83E1-C20ED543FEBF}.Debug|Any CPU.Build.0 = Debug|Any CPU
		{B5272EB6-3CDE-4A4F-83E1-C20ED543FEBF}.Release|Any CPU.ActiveCfg = Release|Any CPU
		{B5272EB6-3CDE-4A4F-83E1-C20ED543FEBF}.Release|Any CPU.Build.0 = Release|Any CPU
		{CFCFB3A3-4C3F-411D-884B-90292A056873}.Debug|Any CPU.ActiveCfg = Debug|Any CPU
		{CFCFB3A3-4C3F-411D-884B-90292A056873}.Debug|Any CPU.Build.0 = Debug|Any CPU
		{CFCFB3A3-4C3F-411D-884B-90292A056873}.Release|Any CPU.ActiveCfg = Release|Any CPU
		{CFCFB3A3-4C3F-411D-884B-90292A056873}.Release|Any CPU.Build.0 = Release|Any CPU
		{C63197A0-085F-418C-881E-863F9A836C5A}.Debug|Any CPU.ActiveCfg = Debug|Any CPU
		{C63197A0-085F-418C-881E-863F9A836C5A}.Debug|Any CPU.Build.0 = Debug|Any CPU
		{C63197A0-085F-418C-881E-863F9A836C5A}.Release|Any CPU.ActiveCfg = Release|Any CPU
		{C63197A0-085F-418C-881E-863F9A836C5A}.Release|Any CPU.Build.0 = Release|Any CPU
		{8D635436-B685-45E2-854A-9476565A6902}.Debug|Any CPU.ActiveCfg = Debug|Any CPU
		{8D635436-B685-45E2-854A-9476565A6902}.Debug|Any CPU.Build.0 = Debug|Any CPU
		{8D635436-B685-45E2-854A-9476565A6902}.Release|Any CPU.ActiveCfg = Release|Any CPU
		{8D635436-B685-45E2-854A-9476565A6902}.Release|Any CPU.Build.0 = Release|Any CPU
	EndGlobalSection
	GlobalSection(NestedProjects) = preSolution
		{CB0CA451-E094-4C67-B057-F04B2D7EFB75} = {4A6EE328-0742-424C-8DE3-A2DE778B7A24}
		{EFB6EF9A-3837-4478-B699-A9C974CDC2BF} = {4A6EE328-0742-424C-8DE3-A2DE778B7A24}
		{35C5F326-44B0-4BC1-B87D-29A2761737A1} = {4A6EE328-0742-424C-8DE3-A2DE778B7A24}
		{6CC22DA0-AE3D-4E9D-8B39-1EF604154C67} = {4A6EE328-0742-424C-8DE3-A2DE778B7A24}
		{EE66FAFD-63E4-4930-B4CB-1DFEC4F040A3} = {925534B1-5F3F-4219-8477-036FFE3EC000}
		{B5272EB6-3CDE-4A4F-83E1-C20ED543FEBF} = {925534B1-5F3F-4219-8477-036FFE3EC000}
		{CFCFB3A3-4C3F-411D-884B-90292A056873} = {925534B1-5F3F-4219-8477-036FFE3EC000}
		{C63197A0-085F-418C-881E-863F9A836C5A} = {925534B1-5F3F-4219-8477-036FFE3EC000}
		{8D635436-B685-45E2-854A-9476565A6902} = {925534B1-5F3F-4219-8477-036FFE3EC000}
	EndGlobalSection
EndGlobal
